
Microsoft Visual Studio Solution File, Format Version 12.00
# Visual Studio 15
VisualStudioVersion = 15.0.26124.0
MinimumVisualStudioVersion = 15.0.26124.0
Project("{FAE04EC0-301F-11D3-BF4B-00C04F79EFBC}") = "Simplexcel", "Simplexcel\Simplexcel.csproj", "{39AFAE0E-34D0-43AD-ACD7-39FBE03A57F5}"
EndProject
Project("{FAE04EC0-301F-11D3-BF4B-00C04F79EFBC}") = "Simplexcel.TestApp", "Simplexcel.TestApp\Simplexcel.TestApp.csproj", "{C015203B-2EA6-48D7-8571-E3EAC963A583}"
EndProject
Project("{FAE04EC0-301F-11D3-BF4B-00C04F79EFBC}") = "Simplexcel.Tests", "Simplexcel.Tests\Simplexcel.Tests.csproj", "{1A651F47-91E3-40EC-93EF-DAD0326BD995}"
EndProject
Global
	GlobalSection(SolutionProperties) = preSolution
		HideSolutionNode = FALSE
	EndGlobalSection
	GlobalSection(SolutionConfigurationPlatforms) = preSolution
		Debug|Any CPU = Debug|Any CPU
		Release|Any CPU = Release|Any CPU
	EndGlobalSection
	GlobalSection(ProjectConfigurationPlatforms) = postSolution
		{39AFAE0E-34D0-43AD-ACD7-39FBE03A57F5}.Debug|Any CPU.ActiveCfg = Debug|Any CPU
		{39AFAE0E-34D0-43AD-ACD7-39FBE03A57F5}.Debug|Any CPU.Build.0 = Debug|Any CPU
		{39AFAE0E-34D0-43AD-ACD7-39FBE03A57F5}.Release|Any CPU.ActiveCfg = Release|Any CPU
		{39AFAE0E-34D0-43AD-ACD7-39FBE03A57F5}.Release|Any CPU.Build.0 = Release|Any CPU
		{C015203B-2EA6-48D7-8571-E3EAC963A583}.Debug|Any CPU.ActiveCfg = Debug|Any CPU
		{C015203B-2EA6-48D7-8571-E3EAC963A583}.Debug|Any CPU.Build.0 = Debug|Any CPU
		{C015203B-2EA6-48D7-8571-E3EAC963A583}.Release|Any CPU.ActiveCfg = Release|Any CPU
		{C015203B-2EA6-48D7-8571-E3EAC963A583}.Release|Any CPU.Build.0 = Release|Any CPU
		{1A651F47-91E3-40EC-93EF-DAD0326BD995}.Debug|Any CPU.ActiveCfg = Debug|Any CPU
		{1A651F47-91E3-40EC-93EF-DAD0326BD995}.Debug|Any CPU.Build.0 = Debug|Any CPU
		{1A651F47-91E3-40EC-93EF-DAD0326BD995}.Release|Any CPU.ActiveCfg = Release|Any CPU
		{1A651F47-91E3-40EC-93EF-DAD0326BD995}.Release|Any CPU.Build.0 = Release|Any CPU
	EndGlobalSection
EndGlobal
